
Microsoft Visual Studio Solution File, Format Version 12.00
# Visual Studio Version 17
VisualStudioVersion = 17.0.31903.59
MinimumVisualStudioVersion = 10.0.40219.1
Project("{FAE04EC0-301F-11D3-BF4B-00C04F79EFBC}") = "RateGate.Api", "RateGate.Api\RateGate.Api.csproj", "{37B2184E-14E9-49E1-9EFB-9C7F58017182}"
EndProject
Project("{FAE04EC0-301F-11D3-BF4B-00C04F79EFBC}") = "RateGate.Domain", "RateGate.Domain\RateGate.Domain.csproj", "{2869B235-0F7E-4110-A9A1-084252AB377E}"
EndProject
Project("{FAE04EC0-301F-11D3-BF4B-00C04F79EFBC}") = "RateGate.Infrastructure", "RateGate.Infrastructure\RateGate.Infrastructure.csproj", "{EF17B1D3-5AF0-4D51-A3DD-9DC2CCB70C31}"
EndProject
Global
	GlobalSection(SolutionConfigurationPlatforms) = preSolution
		Debug|Any CPU = Debug|Any CPU
		Release|Any CPU = Release|Any CPU
	EndGlobalSection
	GlobalSection(SolutionProperties) = preSolution
		HideSolutionNode = FALSE
	EndGlobalSection
	GlobalSection(ProjectConfigurationPlatforms) = postSolution
		{37B2184E-14E9-49E1-9EFB-9C7F58017182}.Debug|Any CPU.ActiveCfg = Debug|Any CPU
		{37B2184E-14E9-49E1-9EFB-9C7F58017182}.Debug|Any CPU.Build.0 = Debug|Any CPU
		{37B2184E-14E9-49E1-9EFB-9C7F58017182}.Release|Any CPU.ActiveCfg = Release|Any CPU
		{37B2184E-14E9-49E1-9EFB-9C7F58017182}.Release|Any CPU.Build.0 = Release|Any CPU
		{2869B235-0F7E-4110-A9A1-084252AB377E}.Debug|Any CPU.ActiveCfg = Debug|Any CPU
		{2869B235-0F7E-4110-A9A1-084252AB377E}.Debug|Any CPU.Build.0 = Debug|Any CPU
		{2869B235-0F7E-4110-A9A1-084252AB377E}.Release|Any CPU.ActiveCfg = Release|Any CPU
		{2869B235-0F7E-4110-A9A1-084252AB377E}.Release|Any CPU.Build.0 = Release|Any CPU
		{EF17B1D3-5AF0-4D51-A3DD-9DC2CCB70C31}.Debug|Any CPU.ActiveCfg = Debug|Any CPU
		{EF17B1D3-5AF0-4D51-A3DD-9DC2CCB70C31}.Debug|Any CPU.Build.0 = Debug|Any CPU
		{EF17B1D3-5AF0-4D51-A3DD-9DC2CCB70C31}.Release|Any CPU.ActiveCfg = Release|Any CPU
		{EF17B1D3-5AF0-4D51-A3DD-9DC2CCB70C31}.Release|Any CPU.Build.0 = Release|Any CPU
	EndGlobalSection
EndGlobal
